// !$*UTF8*$!
{
	archiveVersion = 1;
	classes = {
	};
	objectVersion = 46;
	objects = {

/* Begin PBXBuildFile section */
		34BF0FA41C4507CE00451BF9 /* app_store.hpp in Headers */ = {isa = PBXBuildFile; fileRef = 34BF0FA11C4507CE00451BF9 /* app_store.hpp */; };
		34BF0FA51C4507CE00451BF9 /* storage_helpers.cpp in Sources */ = {isa = PBXBuildFile; fileRef = 34BF0FA21C4507CE00451BF9 /* storage_helpers.cpp */; };
		34BF0FA61C4507CE00451BF9 /* storage_helpers.hpp in Headers */ = {isa = PBXBuildFile; fileRef = 34BF0FA31C4507CE00451BF9 /* storage_helpers.hpp */; };
		670E38F81C469ABE00E9C0A6 /* testingmain.cpp in Sources */ = {isa = PBXBuildFile; fileRef = 670E38D61C4699C400E9C0A6 /* testingmain.cpp */; };
		670E38F91C469AC700E9C0A6 /* country_info_getter_test.cpp in Sources */ = {isa = PBXBuildFile; fileRef = 670E38C21C46999400E9C0A6 /* country_info_getter_test.cpp */; };
		670E38FA1C469ACD00E9C0A6 /* fake_map_files_downloader.cpp in Sources */ = {isa = PBXBuildFile; fileRef = 670E38C31C46999400E9C0A6 /* fake_map_files_downloader.cpp */; };
		670E38FB1C469ACD00E9C0A6 /* queued_country_tests.cpp in Sources */ = {isa = PBXBuildFile; fileRef = 670E38C51C46999400E9C0A6 /* queued_country_tests.cpp */; };
		670E38FC1C469ACD00E9C0A6 /* simple_tree_test.cpp in Sources */ = {isa = PBXBuildFile; fileRef = 670E38C61C46999400E9C0A6 /* simple_tree_test.cpp */; };
		670E38FD1C469ACD00E9C0A6 /* storage_tests.cpp in Sources */ = {isa = PBXBuildFile; fileRef = 670E38C71C46999400E9C0A6 /* storage_tests.cpp */; };
		670E38FE1C469ACD00E9C0A6 /* task_runner.cpp in Sources */ = {isa = PBXBuildFile; fileRef = 670E38C81C46999400E9C0A6 /* task_runner.cpp */; };
		670E38FF1C469ACD00E9C0A6 /* test_map_files_downloader.cpp in Sources */ = {isa = PBXBuildFile; fileRef = 670E38CA1C46999400E9C0A6 /* test_map_files_downloader.cpp */; };
		670E39001C469BA000E9C0A6 /* libstorage.a in Frameworks */ = {isa = PBXBuildFile; fileRef = 675342E01A3F59EF00A0A8C3 /* libstorage.a */; };
		670E39031C469BC400E9C0A6 /* libbase.a in Frameworks */ = {isa = PBXBuildFile; fileRef = 670E39011C469BC400E9C0A6 /* libbase.a */; };
		670E39041C469BC400E9C0A6 /* libplatform.a in Frameworks */ = {isa = PBXBuildFile; fileRef = 670E39021C469BC400E9C0A6 /* libplatform.a */; };
		670E39061C469BDE00E9C0A6 /* Cocoa.framework in Frameworks */ = {isa = PBXBuildFile; fileRef = 670E39051C469BDE00E9C0A6 /* Cocoa.framework */; };
		670E39081C469BEC00E9C0A6 /* IOKit.framework in Frameworks */ = {isa = PBXBuildFile; fileRef = 670E39071C469BEC00E9C0A6 /* IOKit.framework */; };
		670E390F1C469D6B00E9C0A6 /* libcoding.a in Frameworks */ = {isa = PBXBuildFile; fileRef = 670E390D1C469D6B00E9C0A6 /* libcoding.a */; };
		670E39101C469D6B00E9C0A6 /* libindexer.a in Frameworks */ = {isa = PBXBuildFile; fileRef = 670E390E1C469D6B00E9C0A6 /* libindexer.a */; };
		670E39131C469DA100E9C0A6 /* libalohalitics.a in Frameworks */ = {isa = PBXBuildFile; fileRef = 670E39111C469DA100E9C0A6 /* libalohalitics.a */; };
		670E39141C469DA100E9C0A6 /* libgeometry.a in Frameworks */ = {isa = PBXBuildFile; fileRef = 670E39121C469DA100E9C0A6 /* libgeometry.a */; };
		670E39161C469DD700E9C0A6 /* libjansson.a in Frameworks */ = {isa = PBXBuildFile; fileRef = 670E39151C469DD700E9C0A6 /* libjansson.a */; };
		670E39181C469E0500E9C0A6 /* libz.tbd in Frameworks */ = {isa = PBXBuildFile; fileRef = 670E39171C469E0500E9C0A6 /* libz.tbd */; };
		670E391A1C469E1100E9C0A6 /* libtomcrypt.a in Frameworks */ = {isa = PBXBuildFile; fileRef = 670E39191C469E1100E9C0A6 /* libtomcrypt.a */; };
		670E39341C469EBD00E9C0A6 /* libplatform_test_support.a in Frameworks */ = {isa = PBXBuildFile; fileRef = 670E39331C469EBD00E9C0A6 /* libplatform_test_support.a */; };
		6741251E1B4C05FA00A3E828 /* http_map_files_downloader.cpp in Sources */ = {isa = PBXBuildFile; fileRef = 674125181B4C05FA00A3E828 /* http_map_files_downloader.cpp */; };
		6741251F1B4C05FA00A3E828 /* http_map_files_downloader.hpp in Headers */ = {isa = PBXBuildFile; fileRef = 674125191B4C05FA00A3E828 /* http_map_files_downloader.hpp */; };
		674125201B4C05FA00A3E828 /* map_files_downloader.hpp in Headers */ = {isa = PBXBuildFile; fileRef = 6741251A1B4C05FA00A3E828 /* map_files_downloader.hpp */; };
		674125211B4C05FA00A3E828 /* queued_country.cpp in Sources */ = {isa = PBXBuildFile; fileRef = 6741251B1B4C05FA00A3E828 /* queued_country.cpp */; };
		674125221B4C05FA00A3E828 /* queued_country.hpp in Headers */ = {isa = PBXBuildFile; fileRef = 6741251C1B4C05FA00A3E828 /* queued_country.hpp */; };
		674125231B4C05FA00A3E828 /* storage_defines.cpp in Sources */ = {isa = PBXBuildFile; fileRef = 6741251D1B4C05FA00A3E828 /* storage_defines.cpp */; };
		675343091A3F5A2600A0A8C3 /* country_decl.cpp in Sources */ = {isa = PBXBuildFile; fileRef = 675342F21A3F5A2600A0A8C3 /* country_decl.cpp */; };
		6753430A1A3F5A2600A0A8C3 /* country_decl.hpp in Headers */ = {isa = PBXBuildFile; fileRef = 675342F31A3F5A2600A0A8C3 /* country_decl.hpp */; };
		6753430D1A3F5A2600A0A8C3 /* country_polygon.hpp in Headers */ = {isa = PBXBuildFile; fileRef = 675342F61A3F5A2600A0A8C3 /* country_polygon.hpp */; };
		6753430E1A3F5A2600A0A8C3 /* country.cpp in Sources */ = {isa = PBXBuildFile; fileRef = 675342F71A3F5A2600A0A8C3 /* country.cpp */; };
		6753430F1A3F5A2600A0A8C3 /* country.hpp in Headers */ = {isa = PBXBuildFile; fileRef = 675342F81A3F5A2600A0A8C3 /* country.hpp */; };
		675343161A3F5A2600A0A8C3 /* index.cpp in Sources */ = {isa = PBXBuildFile; fileRef = 675342FF1A3F5A2600A0A8C3 /* index.cpp */; };
		675343171A3F5A2600A0A8C3 /* index.hpp in Headers */ = {isa = PBXBuildFile; fileRef = 675343001A3F5A2600A0A8C3 /* index.hpp */; };
		675343181A3F5A2600A0A8C3 /* simple_tree.hpp in Headers */ = {isa = PBXBuildFile; fileRef = 675343011A3F5A2600A0A8C3 /* simple_tree.hpp */; };
		675343191A3F5A2600A0A8C3 /* storage_defines.hpp in Headers */ = {isa = PBXBuildFile; fileRef = 675343021A3F5A2600A0A8C3 /* storage_defines.hpp */; };
		6753431A1A3F5A2600A0A8C3 /* storage.cpp in Sources */ = {isa = PBXBuildFile; fileRef = 675343031A3F5A2600A0A8C3 /* storage.cpp */; };
		6753431B1A3F5A2600A0A8C3 /* storage.hpp in Headers */ = {isa = PBXBuildFile; fileRef = 675343041A3F5A2600A0A8C3 /* storage.hpp */; };
		67AF4A001BC579DD0048B1ED /* country_info_getter.cpp in Sources */ = {isa = PBXBuildFile; fileRef = 67AF49FE1BC579DD0048B1ED /* country_info_getter.cpp */; };
		67AF4A011BC579DD0048B1ED /* country_info_getter.hpp in Headers */ = {isa = PBXBuildFile; fileRef = 67AF49FF1BC579DD0048B1ED /* country_info_getter.hpp */; };
		67EAC5411C4CFA7800B67815 /* testingmain.cpp in Sources */ = {isa = PBXBuildFile; fileRef = 670E38D61C4699C400E9C0A6 /* testingmain.cpp */; };
		67EAC54A1C4CFA7800B67815 /* libplatform_test_support.a in Frameworks */ = {isa = PBXBuildFile; fileRef = 670E39331C469EBD00E9C0A6 /* libplatform_test_support.a */; };
		67EAC54B1C4CFA7800B67815 /* libtomcrypt.a in Frameworks */ = {isa = PBXBuildFile; fileRef = 670E39191C469E1100E9C0A6 /* libtomcrypt.a */; };
		67EAC54C1C4CFA7800B67815 /* libz.tbd in Frameworks */ = {isa = PBXBuildFile; fileRef = 670E39171C469E0500E9C0A6 /* libz.tbd */; };
		67EAC54D1C4CFA7800B67815 /* libjansson.a in Frameworks */ = {isa = PBXBuildFile; fileRef = 670E39151C469DD700E9C0A6 /* libjansson.a */; };
		67EAC54E1C4CFA7800B67815 /* libalohalitics.a in Frameworks */ = {isa = PBXBuildFile; fileRef = 670E39111C469DA100E9C0A6 /* libalohalitics.a */; };
		67EAC54F1C4CFA7800B67815 /* libgeometry.a in Frameworks */ = {isa = PBXBuildFile; fileRef = 670E39121C469DA100E9C0A6 /* libgeometry.a */; };
		67EAC5501C4CFA7800B67815 /* libcoding.a in Frameworks */ = {isa = PBXBuildFile; fileRef = 670E390D1C469D6B00E9C0A6 /* libcoding.a */; };
		67EAC5511C4CFA7800B67815 /* libindexer.a in Frameworks */ = {isa = PBXBuildFile; fileRef = 670E390E1C469D6B00E9C0A6 /* libindexer.a */; };
		67EAC5521C4CFA7800B67815 /* IOKit.framework in Frameworks */ = {isa = PBXBuildFile; fileRef = 670E39071C469BEC00E9C0A6 /* IOKit.framework */; };
		67EAC5531C4CFA7800B67815 /* Cocoa.framework in Frameworks */ = {isa = PBXBuildFile; fileRef = 670E39051C469BDE00E9C0A6 /* Cocoa.framework */; };
		67EAC5541C4CFA7800B67815 /* libbase.a in Frameworks */ = {isa = PBXBuildFile; fileRef = 670E39011C469BC400E9C0A6 /* libbase.a */; };
		67EAC5551C4CFA7800B67815 /* libplatform.a in Frameworks */ = {isa = PBXBuildFile; fileRef = 670E39021C469BC400E9C0A6 /* libplatform.a */; };
		67EAC5561C4CFA7800B67815 /* libstorage.a in Frameworks */ = {isa = PBXBuildFile; fileRef = 675342E01A3F59EF00A0A8C3 /* libstorage.a */; };
		67EAC5621C4CFACF00B67815 /* write_dir_changer.hpp in Headers */ = {isa = PBXBuildFile; fileRef = 67EAC55F1C4CFACF00B67815 /* write_dir_changer.hpp */; };
		67EAC5631C4CFB2800B67815 /* storage_http_tests.cpp in Sources */ = {isa = PBXBuildFile; fileRef = 67EAC55D1C4CFACF00B67815 /* storage_http_tests.cpp */; };
		67EAC5641C4CFB2E00B67815 /* write_dir_changer.cpp in Sources */ = {isa = PBXBuildFile; fileRef = 67EAC55E1C4CFACF00B67815 /* write_dir_changer.cpp */; };
		67EAC5811C4D15F600B67815 /* migrate_tests.cpp in Sources */ = {isa = PBXBuildFile; fileRef = 67EAC5801C4D15F600B67815 /* migrate_tests.cpp */; };
		67EAC5831C4D1BF000B67815 /* libmap.a in Frameworks */ = {isa = PBXBuildFile; fileRef = 67EAC5821C4D1BF000B67815 /* libmap.a */; };
		67EAC5951C4D1C3800B67815 /* libagg.a in Frameworks */ = {isa = PBXBuildFile; fileRef = 67EAC5841C4D1C3800B67815 /* libagg.a */; };
		67EAC5961C4D1C3800B67815 /* libapi.a in Frameworks */ = {isa = PBXBuildFile; fileRef = 67EAC5851C4D1C3800B67815 /* libapi.a */; };
		67EAC5971C4D1C3800B67815 /* libdrape_frontend.a in Frameworks */ = {isa = PBXBuildFile; fileRef = 67EAC5861C4D1C3800B67815 /* libdrape_frontend.a */; };
		67EAC5981C4D1C3800B67815 /* libdrape.a in Frameworks */ = {isa = PBXBuildFile; fileRef = 67EAC5871C4D1C3800B67815 /* libdrape.a */; };
		67EAC5991C4D1C3800B67815 /* libexpat.a in Frameworks */ = {isa = PBXBuildFile; fileRef = 67EAC5881C4D1C3800B67815 /* libexpat.a */; };
		67EAC59A1C4D1C3800B67815 /* libfreetype.a in Frameworks */ = {isa = PBXBuildFile; fileRef = 67EAC5891C4D1C3800B67815 /* libfreetype.a */; };
		67EAC59B1C4D1C3800B67815 /* libfribidi.a in Frameworks */ = {isa = PBXBuildFile; fileRef = 67EAC58A1C4D1C3800B67815 /* libfribidi.a */; };
		67EAC59C1C4D1C3800B67815 /* liblodepng.a in Frameworks */ = {isa = PBXBuildFile; fileRef = 67EAC58B1C4D1C3800B67815 /* liblodepng.a */; };
		67EAC59D1C4D1C3800B67815 /* libminizip.a in Frameworks */ = {isa = PBXBuildFile; fileRef = 67EAC58C1C4D1C3800B67815 /* libminizip.a */; };
		67EAC59E1C4D1C3800B67815 /* libopening_hours.a in Frameworks */ = {isa = PBXBuildFile; fileRef = 67EAC58D1C4D1C3800B67815 /* libopening_hours.a */; };
		67EAC59F1C4D1C3800B67815 /* libosrm.a in Frameworks */ = {isa = PBXBuildFile; fileRef = 67EAC58E1C4D1C3800B67815 /* libosrm.a */; };
		67EAC5A01C4D1C3800B67815 /* libprotobuf.a in Frameworks */ = {isa = PBXBuildFile; fileRef = 67EAC58F1C4D1C3800B67815 /* libprotobuf.a */; };
		67EAC5A11C4D1C3800B67815 /* librouting.a in Frameworks */ = {isa = PBXBuildFile; fileRef = 67EAC5901C4D1C3800B67815 /* librouting.a */; };
		67EAC5A21C4D1C3800B67815 /* libsdf_image.a in Frameworks */ = {isa = PBXBuildFile; fileRef = 67EAC5911C4D1C3800B67815 /* libsdf_image.a */; };
		67EAC5A31C4D1C3800B67815 /* libsearch.a in Frameworks */ = {isa = PBXBuildFile; fileRef = 67EAC5921C4D1C3800B67815 /* libsearch.a */; };
		67EAC5A41C4D1C3800B67815 /* libstb_image.a in Frameworks */ = {isa = PBXBuildFile; fileRef = 67EAC5931C4D1C3800B67815 /* libstb_image.a */; };
		67EAC5A51C4D1C3800B67815 /* libsuccinct.a in Frameworks */ = {isa = PBXBuildFile; fileRef = 67EAC5941C4D1C3800B67815 /* libsuccinct.a */; };
		67EAC5A71C4D1D6A00B67815 /* OpenGL.framework in Frameworks */ = {isa = PBXBuildFile; fileRef = 67EAC5A61C4D1D6A00B67815 /* OpenGL.framework */; };
/* End PBXBuildFile section */

/* Begin PBXCopyFilesBuildPhase section */
		670E38DA1C469A6700E9C0A6 /* CopyFiles */ = {
			isa = PBXCopyFilesBuildPhase;
			buildActionMask = 2147483647;
			dstPath = /usr/share/man/man1/;
			dstSubfolderSpec = 0;
			files = (
			);
			runOnlyForDeploymentPostprocessing = 1;
		};
		67EAC5571C4CFA7800B67815 /* CopyFiles */ = {
			isa = PBXCopyFilesBuildPhase;
			buildActionMask = 2147483647;
			dstPath = /usr/share/man/man1/;
			dstSubfolderSpec = 0;
			files = (
			);
			runOnlyForDeploymentPostprocessing = 1;
		};
/* End PBXCopyFilesBuildPhase section */

/* Begin PBXFileReference section */
		34BF0FA11C4507CE00451BF9 /* app_store.hpp */ = {isa = PBXFileReference; fileEncoding = 4; lastKnownFileType = sourcecode.cpp.h; path = app_store.hpp; sourceTree = "<group>"; };
		34BF0FA21C4507CE00451BF9 /* storage_helpers.cpp */ = {isa = PBXFileReference; fileEncoding = 4; lastKnownFileType = sourcecode.cpp.cpp; path = storage_helpers.cpp; sourceTree = "<group>"; };
		34BF0FA31C4507CE00451BF9 /* storage_helpers.hpp */ = {isa = PBXFileReference; fileEncoding = 4; lastKnownFileType = sourcecode.cpp.h; path = storage_helpers.hpp; sourceTree = "<group>"; };
		670D05A81B0E04450013A7AC /* defaults.xcconfig */ = {isa = PBXFileReference; lastKnownFileType = text.xcconfig; name = defaults.xcconfig; path = ../defaults.xcconfig; sourceTree = "<group>"; };
		670E38C21C46999400E9C0A6 /* country_info_getter_test.cpp */ = {isa = PBXFileReference; fileEncoding = 4; lastKnownFileType = sourcecode.cpp.cpp; path = country_info_getter_test.cpp; sourceTree = "<group>"; };
		670E38C31C46999400E9C0A6 /* fake_map_files_downloader.cpp */ = {isa = PBXFileReference; fileEncoding = 4; lastKnownFileType = sourcecode.cpp.cpp; path = fake_map_files_downloader.cpp; sourceTree = "<group>"; };
		670E38C41C46999400E9C0A6 /* fake_map_files_downloader.hpp */ = {isa = PBXFileReference; fileEncoding = 4; lastKnownFileType = sourcecode.cpp.h; path = fake_map_files_downloader.hpp; sourceTree = "<group>"; };
		670E38C51C46999400E9C0A6 /* queued_country_tests.cpp */ = {isa = PBXFileReference; fileEncoding = 4; lastKnownFileType = sourcecode.cpp.cpp; path = queued_country_tests.cpp; sourceTree = "<group>"; };
		670E38C61C46999400E9C0A6 /* simple_tree_test.cpp */ = {isa = PBXFileReference; fileEncoding = 4; lastKnownFileType = sourcecode.cpp.cpp; path = simple_tree_test.cpp; sourceTree = "<group>"; };
		670E38C71C46999400E9C0A6 /* storage_tests.cpp */ = {isa = PBXFileReference; fileEncoding = 4; lastKnownFileType = sourcecode.cpp.cpp; path = storage_tests.cpp; sourceTree = "<group>"; };
		670E38C81C46999400E9C0A6 /* task_runner.cpp */ = {isa = PBXFileReference; fileEncoding = 4; lastKnownFileType = sourcecode.cpp.cpp; path = task_runner.cpp; sourceTree = "<group>"; };
		670E38C91C46999400E9C0A6 /* task_runner.hpp */ = {isa = PBXFileReference; fileEncoding = 4; lastKnownFileType = sourcecode.cpp.h; path = task_runner.hpp; sourceTree = "<group>"; };
		670E38CA1C46999400E9C0A6 /* test_map_files_downloader.cpp */ = {isa = PBXFileReference; fileEncoding = 4; lastKnownFileType = sourcecode.cpp.cpp; path = test_map_files_downloader.cpp; sourceTree = "<group>"; };
		670E38CB1C46999400E9C0A6 /* test_map_files_downloader.hpp */ = {isa = PBXFileReference; fileEncoding = 4; lastKnownFileType = sourcecode.cpp.h; path = test_map_files_downloader.hpp; sourceTree = "<group>"; };
		670E38D61C4699C400E9C0A6 /* testingmain.cpp */ = {isa = PBXFileReference; fileEncoding = 4; lastKnownFileType = sourcecode.cpp.cpp; name = testingmain.cpp; path = ../../testing/testingmain.cpp; sourceTree = "<group>"; };
		670E38DC1C469A6700E9C0A6 /* storage_tests */ = {isa = PBXFileReference; explicitFileType = "compiled.mach-o.executable"; includeInIndex = 0; path = storage_tests; sourceTree = BUILT_PRODUCTS_DIR; };
		670E39011C469BC400E9C0A6 /* libbase.a */ = {isa = PBXFileReference; lastKnownFileType = archive.ar; name = libbase.a; path = "../../../omim-xcode-build/Debug/libbase.a"; sourceTree = "<group>"; };
		670E39021C469BC400E9C0A6 /* libplatform.a */ = {isa = PBXFileReference; lastKnownFileType = archive.ar; name = libplatform.a; path = "../../../omim-xcode-build/Debug/libplatform.a"; sourceTree = "<group>"; };
		670E39051C469BDE00E9C0A6 /* Cocoa.framework */ = {isa = PBXFileReference; lastKnownFileType = wrapper.framework; name = Cocoa.framework; path = System/Library/Frameworks/Cocoa.framework; sourceTree = SDKROOT; };
		670E39071C469BEC00E9C0A6 /* IOKit.framework */ = {isa = PBXFileReference; lastKnownFileType = wrapper.framework; name = IOKit.framework; path = System/Library/Frameworks/IOKit.framework; sourceTree = SDKROOT; };
		670E39091C469CCF00E9C0A6 /* CoreFoundation.framework */ = {isa = PBXFileReference; lastKnownFileType = wrapper.framework; name = CoreFoundation.framework; path = System/Library/Frameworks/CoreFoundation.framework; sourceTree = SDKROOT; };
		670E390A1C469CCF00E9C0A6 /* Foundation.framework */ = {isa = PBXFileReference; lastKnownFileType = wrapper.framework; name = Foundation.framework; path = System/Library/Frameworks/Foundation.framework; sourceTree = SDKROOT; };
		670E390D1C469D6B00E9C0A6 /* libcoding.a */ = {isa = PBXFileReference; lastKnownFileType = archive.ar; name = libcoding.a; path = "../../../omim-xcode-build/Debug/libcoding.a"; sourceTree = "<group>"; };
		670E390E1C469D6B00E9C0A6 /* libindexer.a */ = {isa = PBXFileReference; lastKnownFileType = archive.ar; name = libindexer.a; path = "../../../omim-xcode-build/Debug/libindexer.a"; sourceTree = "<group>"; };
		670E39111C469DA100E9C0A6 /* libalohalitics.a */ = {isa = PBXFileReference; lastKnownFileType = archive.ar; name = libalohalitics.a; path = "../../../omim-xcode-build/Debug/libalohalitics.a"; sourceTree = "<group>"; };
		670E39121C469DA100E9C0A6 /* libgeometry.a */ = {isa = PBXFileReference; lastKnownFileType = archive.ar; name = libgeometry.a; path = "../../../omim-xcode-build/Debug/libgeometry.a"; sourceTree = "<group>"; };
		670E39151C469DD700E9C0A6 /* libjansson.a */ = {isa = PBXFileReference; lastKnownFileType = archive.ar; name = libjansson.a; path = "../../../omim-xcode-build/Debug/libjansson.a"; sourceTree = "<group>"; };
		670E39171C469E0500E9C0A6 /* libz.tbd */ = {isa = PBXFileReference; lastKnownFileType = "sourcecode.text-based-dylib-definition"; name = libz.tbd; path = usr/lib/libz.tbd; sourceTree = SDKROOT; };
		670E39191C469E1100E9C0A6 /* libtomcrypt.a */ = {isa = PBXFileReference; lastKnownFileType = archive.ar; name = libtomcrypt.a; path = "../../../omim-xcode-build/Debug/libtomcrypt.a"; sourceTree = "<group>"; };
		670E39331C469EBD00E9C0A6 /* libplatform_test_support.a */ = {isa = PBXFileReference; lastKnownFileType = archive.ar; name = libplatform_test_support.a; path = "../../../omim-xcode-build/Debug/libplatform_test_support.a"; sourceTree = "<group>"; };
		674125181B4C05FA00A3E828 /* http_map_files_downloader.cpp */ = {isa = PBXFileReference; fileEncoding = 4; lastKnownFileType = sourcecode.cpp.cpp; path = http_map_files_downloader.cpp; sourceTree = "<group>"; };
		674125191B4C05FA00A3E828 /* http_map_files_downloader.hpp */ = {isa = PBXFileReference; fileEncoding = 4; lastKnownFileType = sourcecode.cpp.h; path = http_map_files_downloader.hpp; sourceTree = "<group>"; };
		6741251A1B4C05FA00A3E828 /* map_files_downloader.hpp */ = {isa = PBXFileReference; fileEncoding = 4; lastKnownFileType = sourcecode.cpp.h; path = map_files_downloader.hpp; sourceTree = "<group>"; };
		6741251B1B4C05FA00A3E828 /* queued_country.cpp */ = {isa = PBXFileReference; fileEncoding = 4; lastKnownFileType = sourcecode.cpp.cpp; path = queued_country.cpp; sourceTree = "<group>"; };
		6741251C1B4C05FA00A3E828 /* queued_country.hpp */ = {isa = PBXFileReference; fileEncoding = 4; lastKnownFileType = sourcecode.cpp.h; path = queued_country.hpp; sourceTree = "<group>"; };
		6741251D1B4C05FA00A3E828 /* storage_defines.cpp */ = {isa = PBXFileReference; fileEncoding = 4; lastKnownFileType = sourcecode.cpp.cpp; path = storage_defines.cpp; sourceTree = "<group>"; };
		675342E01A3F59EF00A0A8C3 /* libstorage.a */ = {isa = PBXFileReference; explicitFileType = archive.ar; includeInIndex = 0; path = libstorage.a; sourceTree = BUILT_PRODUCTS_DIR; };
		675342F21A3F5A2600A0A8C3 /* country_decl.cpp */ = {isa = PBXFileReference; fileEncoding = 4; lastKnownFileType = sourcecode.cpp.cpp; path = country_decl.cpp; sourceTree = "<group>"; };
		675342F31A3F5A2600A0A8C3 /* country_decl.hpp */ = {isa = PBXFileReference; fileEncoding = 4; lastKnownFileType = sourcecode.cpp.h; path = country_decl.hpp; sourceTree = "<group>"; };
		675342F61A3F5A2600A0A8C3 /* country_polygon.hpp */ = {isa = PBXFileReference; fileEncoding = 4; lastKnownFileType = sourcecode.cpp.h; path = country_polygon.hpp; sourceTree = "<group>"; };
		675342F71A3F5A2600A0A8C3 /* country.cpp */ = {isa = PBXFileReference; fileEncoding = 4; lastKnownFileType = sourcecode.cpp.cpp; path = country.cpp; sourceTree = "<group>"; };
		675342F81A3F5A2600A0A8C3 /* country.hpp */ = {isa = PBXFileReference; fileEncoding = 4; lastKnownFileType = sourcecode.cpp.h; path = country.hpp; sourceTree = "<group>"; };
		675342FF1A3F5A2600A0A8C3 /* index.cpp */ = {isa = PBXFileReference; fileEncoding = 4; lastKnownFileType = sourcecode.cpp.cpp; path = index.cpp; sourceTree = "<group>"; };
		675343001A3F5A2600A0A8C3 /* index.hpp */ = {isa = PBXFileReference; fileEncoding = 4; lastKnownFileType = sourcecode.cpp.h; path = index.hpp; sourceTree = "<group>"; };
		675343011A3F5A2600A0A8C3 /* simple_tree.hpp */ = {isa = PBXFileReference; fileEncoding = 4; lastKnownFileType = sourcecode.cpp.h; path = simple_tree.hpp; sourceTree = "<group>"; };
		675343021A3F5A2600A0A8C3 /* storage_defines.hpp */ = {isa = PBXFileReference; fileEncoding = 4; lastKnownFileType = sourcecode.cpp.h; path = storage_defines.hpp; sourceTree = "<group>"; };
		675343031A3F5A2600A0A8C3 /* storage.cpp */ = {isa = PBXFileReference; fileEncoding = 4; lastKnownFileType = sourcecode.cpp.cpp; path = storage.cpp; sourceTree = "<group>"; };
		675343041A3F5A2600A0A8C3 /* storage.hpp */ = {isa = PBXFileReference; fileEncoding = 4; lastKnownFileType = sourcecode.cpp.h; path = storage.hpp; sourceTree = "<group>"; };
		67AF49FE1BC579DD0048B1ED /* country_info_getter.cpp */ = {isa = PBXFileReference; fileEncoding = 4; lastKnownFileType = sourcecode.cpp.cpp; path = country_info_getter.cpp; sourceTree = "<group>"; };
		67AF49FF1BC579DD0048B1ED /* country_info_getter.hpp */ = {isa = PBXFileReference; fileEncoding = 4; lastKnownFileType = sourcecode.cpp.h; path = country_info_getter.hpp; sourceTree = "<group>"; };
		67EAC55B1C4CFA7800B67815 /* storage_integration_tests */ = {isa = PBXFileReference; explicitFileType = "compiled.mach-o.executable"; includeInIndex = 0; path = storage_integration_tests; sourceTree = BUILT_PRODUCTS_DIR; };
		67EAC55D1C4CFACF00B67815 /* storage_http_tests.cpp */ = {isa = PBXFileReference; fileEncoding = 4; lastKnownFileType = sourcecode.cpp.cpp; path = storage_http_tests.cpp; sourceTree = "<group>"; };
		67EAC55E1C4CFACF00B67815 /* write_dir_changer.cpp */ = {isa = PBXFileReference; fileEncoding = 4; lastKnownFileType = sourcecode.cpp.cpp; path = write_dir_changer.cpp; sourceTree = "<group>"; };
		67EAC55F1C4CFACF00B67815 /* write_dir_changer.hpp */ = {isa = PBXFileReference; fileEncoding = 4; lastKnownFileType = sourcecode.cpp.h; path = write_dir_changer.hpp; sourceTree = "<group>"; };
		67EAC5801C4D15F600B67815 /* migrate_tests.cpp */ = {isa = PBXFileReference; fileEncoding = 4; lastKnownFileType = sourcecode.cpp.cpp; path = migrate_tests.cpp; sourceTree = "<group>"; };
		67EAC5821C4D1BF000B67815 /* libmap.a */ = {isa = PBXFileReference; lastKnownFileType = archive.ar; name = libmap.a; path = "../../../omim-xcode-build/Debug/libmap.a"; sourceTree = "<group>"; };
		67EAC5841C4D1C3800B67815 /* libagg.a */ = {isa = PBXFileReference; lastKnownFileType = archive.ar; name = libagg.a; path = "../../../omim-xcode-build/Debug/libagg.a"; sourceTree = "<group>"; };
		67EAC5851C4D1C3800B67815 /* libapi.a */ = {isa = PBXFileReference; lastKnownFileType = archive.ar; name = libapi.a; path = "../../../omim-xcode-build/Debug/libapi.a"; sourceTree = "<group>"; };
		67EAC5861C4D1C3800B67815 /* libdrape_frontend.a */ = {isa = PBXFileReference; lastKnownFileType = archive.ar; name = libdrape_frontend.a; path = "../../../omim-xcode-build/Debug/libdrape_frontend.a"; sourceTree = "<group>"; };
		67EAC5871C4D1C3800B67815 /* libdrape.a */ = {isa = PBXFileReference; lastKnownFileType = archive.ar; name = libdrape.a; path = "../../../omim-xcode-build/Debug/libdrape.a"; sourceTree = "<group>"; };
		67EAC5881C4D1C3800B67815 /* libexpat.a */ = {isa = PBXFileReference; lastKnownFileType = archive.ar; name = libexpat.a; path = "../../../omim-xcode-build/Debug/libexpat.a"; sourceTree = "<group>"; };
		67EAC5891C4D1C3800B67815 /* libfreetype.a */ = {isa = PBXFileReference; lastKnownFileType = archive.ar; name = libfreetype.a; path = "../../../omim-xcode-build/Debug/libfreetype.a"; sourceTree = "<group>"; };
		67EAC58A1C4D1C3800B67815 /* libfribidi.a */ = {isa = PBXFileReference; lastKnownFileType = archive.ar; name = libfribidi.a; path = "../../../omim-xcode-build/Debug/libfribidi.a"; sourceTree = "<group>"; };
		67EAC58B1C4D1C3800B67815 /* liblodepng.a */ = {isa = PBXFileReference; lastKnownFileType = archive.ar; name = liblodepng.a; path = "../../../omim-xcode-build/Debug/liblodepng.a"; sourceTree = "<group>"; };
		67EAC58C1C4D1C3800B67815 /* libminizip.a */ = {isa = PBXFileReference; lastKnownFileType = archive.ar; name = libminizip.a; path = "../../../omim-xcode-build/Debug/libminizip.a"; sourceTree = "<group>"; };
		67EAC58D1C4D1C3800B67815 /* libopening_hours.a */ = {isa = PBXFileReference; lastKnownFileType = archive.ar; name = libopening_hours.a; path = "../../../omim-xcode-build/Debug/libopening_hours.a"; sourceTree = "<group>"; };
		67EAC58E1C4D1C3800B67815 /* libosrm.a */ = {isa = PBXFileReference; lastKnownFileType = archive.ar; name = libosrm.a; path = "../../../omim-xcode-build/Debug/libosrm.a"; sourceTree = "<group>"; };
		67EAC58F1C4D1C3800B67815 /* libprotobuf.a */ = {isa = PBXFileReference; lastKnownFileType = archive.ar; name = libprotobuf.a; path = "../../../omim-xcode-build/Debug/libprotobuf.a"; sourceTree = "<group>"; };
		67EAC5901C4D1C3800B67815 /* librouting.a */ = {isa = PBXFileReference; lastKnownFileType = archive.ar; name = librouting.a; path = "../../../omim-xcode-build/Debug/librouting.a"; sourceTree = "<group>"; };
		67EAC5911C4D1C3800B67815 /* libsdf_image.a */ = {isa = PBXFileReference; lastKnownFileType = archive.ar; name = libsdf_image.a; path = "../../../omim-xcode-build/Debug/libsdf_image.a"; sourceTree = "<group>"; };
		67EAC5921C4D1C3800B67815 /* libsearch.a */ = {isa = PBXFileReference; lastKnownFileType = archive.ar; name = libsearch.a; path = "../../../omim-xcode-build/Debug/libsearch.a"; sourceTree = "<group>"; };
		67EAC5931C4D1C3800B67815 /* libstb_image.a */ = {isa = PBXFileReference; lastKnownFileType = archive.ar; name = libstb_image.a; path = "../../../omim-xcode-build/Debug/libstb_image.a"; sourceTree = "<group>"; };
		67EAC5941C4D1C3800B67815 /* libsuccinct.a */ = {isa = PBXFileReference; lastKnownFileType = archive.ar; name = libsuccinct.a; path = "../../../omim-xcode-build/Debug/libsuccinct.a"; sourceTree = "<group>"; };
		67EAC5A61C4D1D6A00B67815 /* OpenGL.framework */ = {isa = PBXFileReference; lastKnownFileType = wrapper.framework; name = OpenGL.framework; path = System/Library/Frameworks/OpenGL.framework; sourceTree = SDKROOT; };
/* End PBXFileReference section */

/* Begin PBXFrameworksBuildPhase section */
		670E38D91C469A6700E9C0A6 /* Frameworks */ = {
			isa = PBXFrameworksBuildPhase;
			buildActionMask = 2147483647;
			files = (
				670E39341C469EBD00E9C0A6 /* libplatform_test_support.a in Frameworks */,
				670E391A1C469E1100E9C0A6 /* libtomcrypt.a in Frameworks */,
				670E39181C469E0500E9C0A6 /* libz.tbd in Frameworks */,
				670E39161C469DD700E9C0A6 /* libjansson.a in Frameworks */,
				670E39131C469DA100E9C0A6 /* libalohalitics.a in Frameworks */,
				670E39141C469DA100E9C0A6 /* libgeometry.a in Frameworks */,
				670E390F1C469D6B00E9C0A6 /* libcoding.a in Frameworks */,
				670E39101C469D6B00E9C0A6 /* libindexer.a in Frameworks */,
				670E39081C469BEC00E9C0A6 /* IOKit.framework in Frameworks */,
				670E39061C469BDE00E9C0A6 /* Cocoa.framework in Frameworks */,
				670E39031C469BC400E9C0A6 /* libbase.a in Frameworks */,
				670E39041C469BC400E9C0A6 /* libplatform.a in Frameworks */,
				670E39001C469BA000E9C0A6 /* libstorage.a in Frameworks */,
			);
			runOnlyForDeploymentPostprocessing = 0;
		};
		675342DD1A3F59EF00A0A8C3 /* Frameworks */ = {
			isa = PBXFrameworksBuildPhase;
			buildActionMask = 2147483647;
			files = (
			);
			runOnlyForDeploymentPostprocessing = 0;
		};
		67EAC5491C4CFA7800B67815 /* Frameworks */ = {
			isa = PBXFrameworksBuildPhase;
			buildActionMask = 2147483647;
			files = (
				67EAC5A71C4D1D6A00B67815 /* OpenGL.framework in Frameworks */,
				67EAC5951C4D1C3800B67815 /* libagg.a in Frameworks */,
				67EAC5961C4D1C3800B67815 /* libapi.a in Frameworks */,
				67EAC5971C4D1C3800B67815 /* libdrape_frontend.a in Frameworks */,
				67EAC5981C4D1C3800B67815 /* libdrape.a in Frameworks */,
				67EAC5991C4D1C3800B67815 /* libexpat.a in Frameworks */,
				67EAC59A1C4D1C3800B67815 /* libfreetype.a in Frameworks */,
				67EAC59B1C4D1C3800B67815 /* libfribidi.a in Frameworks */,
				67EAC59C1C4D1C3800B67815 /* liblodepng.a in Frameworks */,
				67EAC59D1C4D1C3800B67815 /* libminizip.a in Frameworks */,
				67EAC59E1C4D1C3800B67815 /* libopening_hours.a in Frameworks */,
				67EAC59F1C4D1C3800B67815 /* libosrm.a in Frameworks */,
				67EAC5A01C4D1C3800B67815 /* libprotobuf.a in Frameworks */,
				67EAC5A11C4D1C3800B67815 /* librouting.a in Frameworks */,
				67EAC5A21C4D1C3800B67815 /* libsdf_image.a in Frameworks */,
				67EAC5A31C4D1C3800B67815 /* libsearch.a in Frameworks */,
				67EAC5A41C4D1C3800B67815 /* libstb_image.a in Frameworks */,
				67EAC5A51C4D1C3800B67815 /* libsuccinct.a in Frameworks */,
				67EAC5831C4D1BF000B67815 /* libmap.a in Frameworks */,
				67EAC54A1C4CFA7800B67815 /* libplatform_test_support.a in Frameworks */,
				67EAC54B1C4CFA7800B67815 /* libtomcrypt.a in Frameworks */,
				67EAC54C1C4CFA7800B67815 /* libz.tbd in Frameworks */,
				67EAC54D1C4CFA7800B67815 /* libjansson.a in Frameworks */,
				67EAC54E1C4CFA7800B67815 /* libalohalitics.a in Frameworks */,
				67EAC54F1C4CFA7800B67815 /* libgeometry.a in Frameworks */,
				67EAC5501C4CFA7800B67815 /* libcoding.a in Frameworks */,
				67EAC5511C4CFA7800B67815 /* libindexer.a in Frameworks */,
				67EAC5521C4CFA7800B67815 /* IOKit.framework in Frameworks */,
				67EAC5531C4CFA7800B67815 /* Cocoa.framework in Frameworks */,
				67EAC5541C4CFA7800B67815 /* libbase.a in Frameworks */,
				67EAC5551C4CFA7800B67815 /* libplatform.a in Frameworks */,
				67EAC5561C4CFA7800B67815 /* libstorage.a in Frameworks */,
			);
			runOnlyForDeploymentPostprocessing = 0;
		};
/* End PBXFrameworksBuildPhase section */

/* Begin PBXGroup section */
		670E38C11C46994400E9C0A6 /* tests */ = {
			isa = PBXGroup;
			children = (
				670E38D61C4699C400E9C0A6 /* testingmain.cpp */,
				670E38C21C46999400E9C0A6 /* country_info_getter_test.cpp */,
				670E38C31C46999400E9C0A6 /* fake_map_files_downloader.cpp */,
				670E38C41C46999400E9C0A6 /* fake_map_files_downloader.hpp */,
				670E38C51C46999400E9C0A6 /* queued_country_tests.cpp */,
				670E38C61C46999400E9C0A6 /* simple_tree_test.cpp */,
				670E38C71C46999400E9C0A6 /* storage_tests.cpp */,
				670E38C81C46999400E9C0A6 /* task_runner.cpp */,
				670E38C91C46999400E9C0A6 /* task_runner.hpp */,
				670E38CA1C46999400E9C0A6 /* test_map_files_downloader.cpp */,
				670E38CB1C46999400E9C0A6 /* test_map_files_downloader.hpp */,
			);
			name = tests;
			path = ../../storage/storage_tests;
			sourceTree = "<group>";
		};
		670E39351C46A6AD00E9C0A6 /* libs */ = {
			isa = PBXGroup;
			children = (
				67EAC5A61C4D1D6A00B67815 /* OpenGL.framework */,
				67EAC5841C4D1C3800B67815 /* libagg.a */,
				67EAC5851C4D1C3800B67815 /* libapi.a */,
				67EAC5861C4D1C3800B67815 /* libdrape_frontend.a */,
				67EAC5871C4D1C3800B67815 /* libdrape.a */,
				67EAC5881C4D1C3800B67815 /* libexpat.a */,
				67EAC5891C4D1C3800B67815 /* libfreetype.a */,
				67EAC58A1C4D1C3800B67815 /* libfribidi.a */,
				67EAC58B1C4D1C3800B67815 /* liblodepng.a */,
				67EAC58C1C4D1C3800B67815 /* libminizip.a */,
				67EAC58D1C4D1C3800B67815 /* libopening_hours.a */,
				67EAC58E1C4D1C3800B67815 /* libosrm.a */,
				67EAC58F1C4D1C3800B67815 /* libprotobuf.a */,
				67EAC5901C4D1C3800B67815 /* librouting.a */,
				67EAC5911C4D1C3800B67815 /* libsdf_image.a */,
				67EAC5921C4D1C3800B67815 /* libsearch.a */,
				67EAC5931C4D1C3800B67815 /* libstb_image.a */,
				67EAC5941C4D1C3800B67815 /* libsuccinct.a */,
				67EAC5821C4D1BF000B67815 /* libmap.a */,
				670E39331C469EBD00E9C0A6 /* libplatform_test_support.a */,
				670E39191C469E1100E9C0A6 /* libtomcrypt.a */,
				670E39151C469DD700E9C0A6 /* libjansson.a */,
				670E39111C469DA100E9C0A6 /* libalohalitics.a */,
				670E39121C469DA100E9C0A6 /* libgeometry.a */,
				670E390D1C469D6B00E9C0A6 /* libcoding.a */,
				670E390E1C469D6B00E9C0A6 /* libindexer.a */,
				670E39171C469E0500E9C0A6 /* libz.tbd */,
				670E39091C469CCF00E9C0A6 /* CoreFoundation.framework */,
				670E390A1C469CCF00E9C0A6 /* Foundation.framework */,
				670E39071C469BEC00E9C0A6 /* IOKit.framework */,
				670E39051C469BDE00E9C0A6 /* Cocoa.framework */,
				670E39011C469BC400E9C0A6 /* libbase.a */,
				670E39021C469BC400E9C0A6 /* libplatform.a */,
			);
			name = libs;
			sourceTree = "<group>";
		};
		675342D71A3F59EF00A0A8C3 = {
			isa = PBXGroup;
			children = (
				670D05A81B0E04450013A7AC /* defaults.xcconfig */,
				67EAC55C1C4CFA9A00B67815 /* integration_tests */,
				670E39351C46A6AD00E9C0A6 /* libs */,
				675342E21A3F59EF00A0A8C3 /* storage */,
				670E38C11C46994400E9C0A6 /* tests */,
				675342E11A3F59EF00A0A8C3 /* Products */,
			);
			sourceTree = "<group>";
		};
		675342E11A3F59EF00A0A8C3 /* Products */ = {
			isa = PBXGroup;
			children = (
				675342E01A3F59EF00A0A8C3 /* libstorage.a */,
				670E38DC1C469A6700E9C0A6 /* storage_tests */,
				67EAC55B1C4CFA7800B67815 /* storage_integration_tests */,
			);
			name = Products;
			sourceTree = "<group>";
		};
		675342E21A3F59EF00A0A8C3 /* storage */ = {
			isa = PBXGroup;
			children = (
				34BF0FA11C4507CE00451BF9 /* app_store.hpp */,
				34BF0FA21C4507CE00451BF9 /* storage_helpers.cpp */,
				34BF0FA31C4507CE00451BF9 /* storage_helpers.hpp */,
				67AF49FE1BC579DD0048B1ED /* country_info_getter.cpp */,
				67AF49FF1BC579DD0048B1ED /* country_info_getter.hpp */,
				674125181B4C05FA00A3E828 /* http_map_files_downloader.cpp */,
				674125191B4C05FA00A3E828 /* http_map_files_downloader.hpp */,
				6741251A1B4C05FA00A3E828 /* map_files_downloader.hpp */,
				6741251B1B4C05FA00A3E828 /* queued_country.cpp */,
				6741251C1B4C05FA00A3E828 /* queued_country.hpp */,
				6741251D1B4C05FA00A3E828 /* storage_defines.cpp */,
				675342F21A3F5A2600A0A8C3 /* country_decl.cpp */,
				675342F31A3F5A2600A0A8C3 /* country_decl.hpp */,
				675342F61A3F5A2600A0A8C3 /* country_polygon.hpp */,
				675342F71A3F5A2600A0A8C3 /* country.cpp */,
				675342F81A3F5A2600A0A8C3 /* country.hpp */,
				675342FF1A3F5A2600A0A8C3 /* index.cpp */,
				675343001A3F5A2600A0A8C3 /* index.hpp */,
				675343011A3F5A2600A0A8C3 /* simple_tree.hpp */,
				675343021A3F5A2600A0A8C3 /* storage_defines.hpp */,
				675343031A3F5A2600A0A8C3 /* storage.cpp */,
				675343041A3F5A2600A0A8C3 /* storage.hpp */,
			);
			name = storage;
			path = ../../storage;
			sourceTree = "<group>";
		};
		67EAC55C1C4CFA9A00B67815 /* integration_tests */ = {
			isa = PBXGroup;
			children = (
				67EAC55D1C4CFACF00B67815 /* storage_http_tests.cpp */,
				67EAC55E1C4CFACF00B67815 /* write_dir_changer.cpp */,
				67EAC55F1C4CFACF00B67815 /* write_dir_changer.hpp */,
				67EAC5801C4D15F600B67815 /* migrate_tests.cpp */,
			);
			name = integration_tests;
			path = ../../storage/storage_integration_tests;
			sourceTree = "<group>";
		};
/* End PBXGroup section */

/* Begin PBXHeadersBuildPhase section */
		675342DE1A3F59EF00A0A8C3 /* Headers */ = {
			isa = PBXHeadersBuildPhase;
			buildActionMask = 2147483647;
			files = (
				674125201B4C05FA00A3E828 /* map_files_downloader.hpp in Headers */,
				6753430D1A3F5A2600A0A8C3 /* country_polygon.hpp in Headers */,
				6741251F1B4C05FA00A3E828 /* http_map_files_downloader.hpp in Headers */,
				675343191A3F5A2600A0A8C3 /* storage_defines.hpp in Headers */,
				34BF0FA41C4507CE00451BF9 /* app_store.hpp in Headers */,
				6753430F1A3F5A2600A0A8C3 /* country.hpp in Headers */,
				675343181A3F5A2600A0A8C3 /* simple_tree.hpp in Headers */,
				67EAC5621C4CFACF00B67815 /* write_dir_changer.hpp in Headers */,
				6753430A1A3F5A2600A0A8C3 /* country_decl.hpp in Headers */,
				67AF4A011BC579DD0048B1ED /* country_info_getter.hpp in Headers */,
				674125221B4C05FA00A3E828 /* queued_country.hpp in Headers */,
				34BF0FA61C4507CE00451BF9 /* storage_helpers.hpp in Headers */,
				6753431B1A3F5A2600A0A8C3 /* storage.hpp in Headers */,
				675343171A3F5A2600A0A8C3 /* index.hpp in Headers */,
			);
			runOnlyForDeploymentPostprocessing = 0;
		};
/* End PBXHeadersBuildPhase section */

/* Begin PBXNativeTarget section */
		670E38DB1C469A6700E9C0A6 /* storage_tests */ = {
			isa = PBXNativeTarget;
			buildConfigurationList = 670E38E01C469A6700E9C0A6 /* Build configuration list for PBXNativeTarget "storage_tests" */;
			buildPhases = (
				670E38D81C469A6700E9C0A6 /* Sources */,
				670E38D91C469A6700E9C0A6 /* Frameworks */,
				670E38DA1C469A6700E9C0A6 /* CopyFiles */,
			);
			buildRules = (
			);
			dependencies = (
			);
			name = storage_tests;
			productName = storage_tests;
			productReference = 670E38DC1C469A6700E9C0A6 /* storage_tests */;
			productType = "com.apple.product-type.tool";
		};
		675342DF1A3F59EF00A0A8C3 /* storage */ = {
			isa = PBXNativeTarget;
			buildConfigurationList = 675342EB1A3F59EF00A0A8C3 /* Build configuration list for PBXNativeTarget "storage" */;
			buildPhases = (
				675342DC1A3F59EF00A0A8C3 /* Sources */,
				675342DD1A3F59EF00A0A8C3 /* Frameworks */,
				675342DE1A3F59EF00A0A8C3 /* Headers */,
			);
			buildRules = (
			);
			dependencies = (
			);
			name = storage;
			productName = storage;
			productReference = 675342E01A3F59EF00A0A8C3 /* libstorage.a */;
			productType = "com.apple.product-type.library.static";
		};
		67EAC53F1C4CFA7800B67815 /* storage_integration_tests */ = {
			isa = PBXNativeTarget;
			buildConfigurationList = 67EAC5581C4CFA7800B67815 /* Build configuration list for PBXNativeTarget "storage_integration_tests" */;
			buildPhases = (
				67EAC5401C4CFA7800B67815 /* Sources */,
				67EAC5491C4CFA7800B67815 /* Frameworks */,
				67EAC5571C4CFA7800B67815 /* CopyFiles */,
			);
			buildRules = (
			);
			dependencies = (
			);
			name = storage_integration_tests;
			productName = storage_tests;
			productReference = 67EAC55B1C4CFA7800B67815 /* storage_integration_tests */;
			productType = "com.apple.product-type.tool";
		};
/* End PBXNativeTarget section */

/* Begin PBXProject section */
		675342D81A3F59EF00A0A8C3 /* Project object */ = {
			isa = PBXProject;
			attributes = {
				LastUpgradeCheck = 0630;
				ORGANIZATIONNAME = maps.me;
				TargetAttributes = {
					670E38DB1C469A6700E9C0A6 = {
						CreatedOnToolsVersion = 7.1.1;
					};
					675342DF1A3F59EF00A0A8C3 = {
						CreatedOnToolsVersion = 6.1;
					};
				};
			};
			buildConfigurationList = 675342DB1A3F59EF00A0A8C3 /* Build configuration list for PBXProject "storage" */;
			compatibilityVersion = "Xcode 3.2";
			developmentRegion = English;
			hasScannedForEncodings = 0;
			knownRegions = (
				en,
				Base,
			);
			mainGroup = 675342D71A3F59EF00A0A8C3;
			productRefGroup = 675342E11A3F59EF00A0A8C3 /* Products */;
			projectDirPath = "";
			projectRoot = "";
			targets = (
				675342DF1A3F59EF00A0A8C3 /* storage */,
				670E38DB1C469A6700E9C0A6 /* storage_tests */,
				67EAC53F1C4CFA7800B67815 /* storage_integration_tests */,
			);
		};
/* End PBXProject section */

/* Begin PBXSourcesBuildPhase section */
		670E38D81C469A6700E9C0A6 /* Sources */ = {
			isa = PBXSourcesBuildPhase;
			buildActionMask = 2147483647;
			files = (
				670E38F81C469ABE00E9C0A6 /* testingmain.cpp in Sources */,
				670E38FD1C469ACD00E9C0A6 /* storage_tests.cpp in Sources */,
				670E38FC1C469ACD00E9C0A6 /* simple_tree_test.cpp in Sources */,
				670E38FF1C469ACD00E9C0A6 /* test_map_files_downloader.cpp in Sources */,
				670E38FA1C469ACD00E9C0A6 /* fake_map_files_downloader.cpp in Sources */,
				670E38F91C469AC700E9C0A6 /* country_info_getter_test.cpp in Sources */,
				670E38FB1C469ACD00E9C0A6 /* queued_country_tests.cpp in Sources */,
				670E38FE1C469ACD00E9C0A6 /* task_runner.cpp in Sources */,
			);
			runOnlyForDeploymentPostprocessing = 0;
		};
		675342DC1A3F59EF00A0A8C3 /* Sources */ = {
			isa = PBXSourcesBuildPhase;
			buildActionMask = 2147483647;
			files = (
				6753430E1A3F5A2600A0A8C3 /* country.cpp in Sources */,
				67AF4A001BC579DD0048B1ED /* country_info_getter.cpp in Sources */,
				34BF0FA51C4507CE00451BF9 /* storage_helpers.cpp in Sources */,
				675343091A3F5A2600A0A8C3 /* country_decl.cpp in Sources */,
				674125211B4C05FA00A3E828 /* queued_country.cpp in Sources */,
				6753431A1A3F5A2600A0A8C3 /* storage.cpp in Sources */,
				675343161A3F5A2600A0A8C3 /* index.cpp in Sources */,
				674125231B4C05FA00A3E828 /* storage_defines.cpp in Sources */,
				6741251E1B4C05FA00A3E828 /* http_map_files_downloader.cpp in Sources */,
			);
			runOnlyForDeploymentPostprocessing = 0;
		};
		67EAC5401C4CFA7800B67815 /* Sources */ = {
			isa = PBXSourcesBuildPhase;
			buildActionMask = 2147483647;
			files = (
				67EAC5411C4CFA7800B67815 /* testingmain.cpp in Sources */,
				67EAC5811C4D15F600B67815 /* migrate_tests.cpp in Sources */,
				67EAC5631C4CFB2800B67815 /* storage_http_tests.cpp in Sources */,
				67EAC5641C4CFB2E00B67815 /* write_dir_changer.cpp in Sources */,
			);
			runOnlyForDeploymentPostprocessing = 0;
		};
/* End PBXSourcesBuildPhase section */

/* Begin XCBuildConfiguration section */
		670E38E11C469A6700E9C0A6 /* Debug */ = {
			isa = XCBuildConfiguration;
			buildSettings = {
				CODE_SIGN_IDENTITY = "-";
				DEBUG_INFORMATION_FORMAT = dwarf;
				ENABLE_TESTABILITY = YES;
				FRAMEWORK_SEARCH_PATHS = "$(QT_PATH)/lib";
				GCC_NO_COMMON_BLOCKS = YES;
				GCC_PREPROCESSOR_DEFINITIONS = (
					"OMIM_UNIT_TEST_WITH_QT_EVENT_LOOP=1",
					"$(inherited)",
				);
				HEADER_SEARCH_PATHS = (
					"$(inherited)",
					"$(OMIM_ROOT)/3party/jansson/src",
					"$(QT_PATH)/include",
				);
				LIBRARY_SEARCH_PATHS = "$(QT_PATH)/lib";
				MACOSX_DEPLOYMENT_TARGET = 10.11;
				OTHER_LDFLAGS = (
					"-framework",
					QtCore,
					"-framework",
					QtNetwork,
					"-framework",
					QtWidgets,
					"-framework",
					QtGui,
					"-framework",
					SystemConfiguration,
				);
				PRODUCT_NAME = "$(TARGET_NAME)";
			};
			name = Debug;
		};
		670E38E21C469A6700E9C0A6 /* Release */ = {
			isa = XCBuildConfiguration;
			buildSettings = {
				CODE_SIGN_IDENTITY = "-";
				COPY_PHASE_STRIP = NO;
				FRAMEWORK_SEARCH_PATHS = "$(QT_PATH)/lib";
				GCC_NO_COMMON_BLOCKS = YES;
				GCC_PREPROCESSOR_DEFINITIONS = "OMIM_UNIT_TEST_WITH_QT_EVENT_LOOP=1";
				HEADER_SEARCH_PATHS = (
					"$(inherited)",
					"$(OMIM_ROOT)/3party/jansson/src",
					"$(QT_PATH)/include",
				);
				LIBRARY_SEARCH_PATHS = "$(QT_PATH)/lib";
				MACOSX_DEPLOYMENT_TARGET = 10.11;
				OTHER_LDFLAGS = (
					"-framework",
					QtCore,
					"-framework",
					QtNetwork,
					"-framework",
					QtWidgets,
					"-framework",
					QtGui,
					"-framework",
					SystemConfiguration,
				);
				PRODUCT_NAME = "$(TARGET_NAME)";
			};
			name = Release;
		};
		675342E91A3F59EF00A0A8C3 /* Debug */ = {
			isa = XCBuildConfiguration;
			baseConfigurationReference = 670D05A81B0E04450013A7AC /* defaults.xcconfig */;
			buildSettings = {
				ALWAYS_SEARCH_USER_PATHS = NO;
				CLANG_CXX_LANGUAGE_STANDARD = "gnu++0x";
				CLANG_CXX_LIBRARY = "libc++";
				CLANG_ENABLE_MODULES = YES;
				CLANG_ENABLE_OBJC_ARC = YES;
				CLANG_WARN_BOOL_CONVERSION = YES;
				CLANG_WARN_CONSTANT_CONVERSION = YES;
				CLANG_WARN_DIRECT_OBJC_ISA_USAGE = YES_ERROR;
				CLANG_WARN_EMPTY_BODY = YES;
				CLANG_WARN_ENUM_CONVERSION = YES;
				CLANG_WARN_INT_CONVERSION = YES;
				CLANG_WARN_OBJC_ROOT_CLASS = YES_ERROR;
				CLANG_WARN_UNREACHABLE_CODE = YES;
				CLANG_WARN__DUPLICATE_METHOD_MATCH = YES;
				COPY_PHASE_STRIP = NO;
				ENABLE_STRICT_OBJC_MSGSEND = YES;
				GCC_C_LANGUAGE_STANDARD = gnu99;
				GCC_DYNAMIC_NO_PIC = NO;
				GCC_OPTIMIZATION_LEVEL = 0;
				GCC_PREPROCESSOR_DEFINITIONS = (
					"DEBUG=1",
					"$(inherited)",
				);
				GCC_SYMBOLS_PRIVATE_EXTERN = NO;
				GCC_WARN_64_TO_32_BIT_CONVERSION = YES;
				GCC_WARN_ABOUT_RETURN_TYPE = YES_ERROR;
				GCC_WARN_UNDECLARED_SELECTOR = YES;
				GCC_WARN_UNINITIALIZED_AUTOS = YES_AGGRESSIVE;
				GCC_WARN_UNUSED_FUNCTION = YES;
				GCC_WARN_UNUSED_VARIABLE = YES;
				HEADER_SEARCH_PATHS = (
					"$(inherited)",
					"$(OMIM_ROOT)/3party/jansson/src",
				);
				MACOSX_DEPLOYMENT_TARGET = 10.10;
				MTL_ENABLE_DEBUG_INFO = YES;
				ONLY_ACTIVE_ARCH = YES;
				SDKROOT = macosx;
			};
			name = Debug;
		};
		675342EA1A3F59EF00A0A8C3 /* Release */ = {
			isa = XCBuildConfiguration;
			baseConfigurationReference = 670D05A81B0E04450013A7AC /* defaults.xcconfig */;
			buildSettings = {
				ALWAYS_SEARCH_USER_PATHS = NO;
				CLANG_CXX_LANGUAGE_STANDARD = "gnu++0x";
				CLANG_CXX_LIBRARY = "libc++";
				CLANG_ENABLE_MODULES = YES;
				CLANG_ENABLE_OBJC_ARC = YES;
				CLANG_WARN_BOOL_CONVERSION = YES;
				CLANG_WARN_CONSTANT_CONVERSION = YES;
				CLANG_WARN_DIRECT_OBJC_ISA_USAGE = YES_ERROR;
				CLANG_WARN_EMPTY_BODY = YES;
				CLANG_WARN_ENUM_CONVERSION = YES;
				CLANG_WARN_INT_CONVERSION = YES;
				CLANG_WARN_OBJC_ROOT_CLASS = YES_ERROR;
				CLANG_WARN_UNREACHABLE_CODE = YES;
				CLANG_WARN__DUPLICATE_METHOD_MATCH = YES;
				COPY_PHASE_STRIP = YES;
				DEBUG_INFORMATION_FORMAT = "dwarf-with-dsym";
				ENABLE_NS_ASSERTIONS = NO;
				ENABLE_STRICT_OBJC_MSGSEND = YES;
				GCC_C_LANGUAGE_STANDARD = gnu99;
				GCC_WARN_64_TO_32_BIT_CONVERSION = YES;
				GCC_WARN_ABOUT_RETURN_TYPE = YES_ERROR;
				GCC_WARN_UNDECLARED_SELECTOR = YES;
				GCC_WARN_UNINITIALIZED_AUTOS = YES_AGGRESSIVE;
				GCC_WARN_UNUSED_FUNCTION = YES;
				GCC_WARN_UNUSED_VARIABLE = YES;
				HEADER_SEARCH_PATHS = (
					"$(inherited)",
					"$(OMIM_ROOT)/3party/jansson/src",
				);
				MACOSX_DEPLOYMENT_TARGET = 10.10;
				MTL_ENABLE_DEBUG_INFO = NO;
				SDKROOT = macosx;
			};
			name = Release;
		};
		675342EC1A3F59EF00A0A8C3 /* Debug */ = {
			isa = XCBuildConfiguration;
			buildSettings = {
				COMBINE_HIDPI_IMAGES = YES;
				EXECUTABLE_PREFIX = lib;
				GCC_ENABLE_CPP_EXCEPTIONS = YES;
				GCC_ENABLE_CPP_RTTI = YES;
				GCC_SYMBOLS_PRIVATE_EXTERN = NO;
				HEADER_SEARCH_PATHS = "$(inherited)";
				ONLY_ACTIVE_ARCH = NO;
				PRODUCT_NAME = "$(TARGET_NAME)";
				SUPPORTED_PLATFORMS = "macosx iphonesimulator iphoneos";
			};
			name = Debug;
		};
		675342ED1A3F59EF00A0A8C3 /* Release */ = {
			isa = XCBuildConfiguration;
			buildSettings = {
				COMBINE_HIDPI_IMAGES = YES;
				EXECUTABLE_PREFIX = lib;
				GCC_ENABLE_CPP_EXCEPTIONS = YES;
				GCC_ENABLE_CPP_RTTI = YES;
				GCC_PREPROCESSOR_DEFINITIONS = "RELEASE=1";
				GCC_SYMBOLS_PRIVATE_EXTERN = NO;
				HEADER_SEARCH_PATHS = "$(inherited)";
				PRODUCT_NAME = "$(TARGET_NAME)";
				SUPPORTED_PLATFORMS = "macosx iphonesimulator iphoneos";
			};
			name = Release;
		};
		67EAC5591C4CFA7800B67815 /* Debug */ = {
			isa = XCBuildConfiguration;
			buildSettings = {
				CODE_SIGN_IDENTITY = "-";
				DEBUG_INFORMATION_FORMAT = dwarf;
				ENABLE_TESTABILITY = YES;
				FRAMEWORK_SEARCH_PATHS = "$(QT_PATH)/lib";
				GCC_NO_COMMON_BLOCKS = YES;
				GCC_PREPROCESSOR_DEFINITIONS = (
					"OMIM_UNIT_TEST_WITH_QT_EVENT_LOOP=1",
					"$(inherited)",
				);
				HEADER_SEARCH_PATHS = (
					"$(inherited)",
					"$(OMIM_ROOT)/3party/jansson/src",
					"$(QT_PATH)/include",
					"$(OMIM_ROOT)/3party/glm",
				);
				LIBRARY_SEARCH_PATHS = "$(QT_PATH)/lib";
				MACOSX_DEPLOYMENT_TARGET = 10.11;
				OTHER_LDFLAGS = (
					"-framework",
					QtCore,
					"-framework",
					QtNetwork,
					"-framework",
					QtWidgets,
					"-framework",
					QtGui,
					"-framework",
					SystemConfiguration,
				);
				PRODUCT_NAME = "$(TARGET_NAME)";
			};
			name = Debug;
		};
		67EAC55A1C4CFA7800B67815 /* Release */ = {
			isa = XCBuildConfiguration;
			buildSettings = {
				CODE_SIGN_IDENTITY = "-";
				COPY_PHASE_STRIP = NO;
				FRAMEWORK_SEARCH_PATHS = "$(QT_PATH)/lib";
				GCC_NO_COMMON_BLOCKS = YES;
				GCC_PREPROCESSOR_DEFINITIONS = "OMIM_UNIT_TEST_WITH_QT_EVENT_LOOP=1";
				HEADER_SEARCH_PATHS = (
					"$(inherited)",
					"$(OMIM_ROOT)/3party/jansson/src",
					"$(QT_PATH)/include",
					"$(OMIM_ROOT)/3party/glm",
				);
				LIBRARY_SEARCH_PATHS = "$(QT_PATH)/lib";
				MACOSX_DEPLOYMENT_TARGET = 10.11;
				OTHER_LDFLAGS = (
					"-framework",
					QtCore,
					"-framework",
					QtNetwork,
					"-framework",
					QtWidgets,
					"-framework",
					QtGui,
					"-framework",
					SystemConfiguration,
				);
				PRODUCT_NAME = "$(TARGET_NAME)";
			};
			name = Release;
		};
/* End XCBuildConfiguration section */

/* Begin XCConfigurationList section */
		670E38E01C469A6700E9C0A6 /* Build configuration list for PBXNativeTarget "storage_tests" */ = {
			isa = XCConfigurationList;
			buildConfigurations = (
				670E38E11C469A6700E9C0A6 /* Debug */,
				670E38E21C469A6700E9C0A6 /* Release */,
			);
			defaultConfigurationIsVisible = 0;
			defaultConfigurationName = Release;
		};
		675342DB1A3F59EF00A0A8C3 /* Build configuration list for PBXProject "storage" */ = {
			isa = XCConfigurationList;
			buildConfigurations = (
				675342E91A3F59EF00A0A8C3 /* Debug */,
				675342EA1A3F59EF00A0A8C3 /* Release */,
			);
			defaultConfigurationIsVisible = 0;
			defaultConfigurationName = Release;
		};
		675342EB1A3F59EF00A0A8C3 /* Build configuration list for PBXNativeTarget "storage" */ = {
			isa = XCConfigurationList;
			buildConfigurations = (
				675342EC1A3F59EF00A0A8C3 /* Debug */,
				675342ED1A3F59EF00A0A8C3 /* Release */,
			);
			defaultConfigurationIsVisible = 0;
			defaultConfigurationName = Release;
		};
		67EAC5581C4CFA7800B67815 /* Build configuration list for PBXNativeTarget "storage_integration_tests" */ = {
			isa = XCConfigurationList;
			buildConfigurations = (
				67EAC5591C4CFA7800B67815 /* Debug */,
				67EAC55A1C4CFA7800B67815 /* Release */,
			);
			defaultConfigurationIsVisible = 0;
			defaultConfigurationName = Release;
		};
/* End XCConfigurationList section */
	};
	rootObject = 675342D81A3F59EF00A0A8C3 /* Project object */;
}
