// !$*UTF8*$!
{
	archiveVersion = 1;
	classes = {
	};
	objectVersion = 46;
	objects = {

/* Begin PBXBuildFile section */
		674A2A3B1B27A0B8001A525C /* main.cpp in Sources */ = {isa = PBXBuildFile; fileRef = 674A28BF1B168BB3001A525C /* main.cpp */; };
/* End PBXBuildFile section */

/* Begin PBXCopyFilesBuildPhase section */
		674A28BA1B168BB3001A525C /* CopyFiles */ = {
			isa = PBXCopyFilesBuildPhase;
			buildActionMask = 2147483647;
			dstPath = /usr/share/man/man1/;
			dstSubfolderSpec = 0;
			files = (
			);
			runOnlyForDeploymentPostprocessing = 1;
		};
/* End PBXCopyFilesBuildPhase section */

/* Begin PBXFileReference section */
		674A28BC1B168BB3001A525C /* coastline */ = {isa = PBXFileReference; explicitFileType = "compiled.mach-o.executable"; includeInIndex = 0; path = coastline; sourceTree = BUILT_PRODUCTS_DIR; };
		674A28BF1B168BB3001A525C /* main.cpp */ = {isa = PBXFileReference; lastKnownFileType = sourcecode.cpp.cpp; path = main.cpp; sourceTree = "<group>"; };
		674A28C61B168BC0001A525C /* defaults.xcconfig */ = {isa = PBXFileReference; lastKnownFileType = text.xcconfig; name = defaults.xcconfig; path = ../defaults.xcconfig; sourceTree = "<group>"; };
		674A28F51B20565E001A525C /* test.cpp */ = {isa = PBXFileReference; fileEncoding = 4; lastKnownFileType = sourcecode.cpp.cpp; path = test.cpp; sourceTree = "<group>"; };
/* End PBXFileReference section */

/* Begin PBXFrameworksBuildPhase section */
		674A28B91B168BB3001A525C /* Frameworks */ = {
			isa = PBXFrameworksBuildPhase;
			buildActionMask = 2147483647;
			files = (
			);
			runOnlyForDeploymentPostprocessing = 0;
		};
/* End PBXFrameworksBuildPhase section */

/* Begin PBXGroup section */
		674A28B31B168BB3001A525C = {
			isa = PBXGroup;
			children = (
				674A28C61B168BC0001A525C /* defaults.xcconfig */,
				674A28BE1B168BB3001A525C /* coastline */,
				674A28BD1B168BB3001A525C /* Products */,
			);
			sourceTree = "<group>";
		};
		674A28BD1B168BB3001A525C /* Products */ = {
			isa = PBXGroup;
			children = (
				674A28BC1B168BB3001A525C /* coastline */,
			);
			name = Products;
			sourceTree = "<group>";
		};
		674A28BE1B168BB3001A525C /* coastline */ = {
			isa = PBXGroup;
			children = (
				674A28BF1B168BB3001A525C /* main.cpp */,
				674A28F51B20565E001A525C /* test.cpp */,
			);
			path = coastline;
			sourceTree = "<group>";
		};
/* End PBXGroup section */

/* Begin PBXNativeTarget section */
		674A28BB1B168BB3001A525C /* coastline */ = {
			isa = PBXNativeTarget;
			buildConfigurationList = 674A28C31B168BB3001A525C /* Build configuration list for PBXNativeTarget "coastline" */;
			buildPhases = (
				674A28B81B168BB3001A525C /* Sources */,
				674A28B91B168BB3001A525C /* Frameworks */,
				674A28BA1B168BB3001A525C /* CopyFiles */,
			);
			buildRules = (
			);
			dependencies = (
			);
			name = coastline;
			productName = coastline;
			productReference = 674A28BC1B168BB3001A525C /* coastline */;
			productType = "com.apple.product-type.tool";
		};
/* End PBXNativeTarget section */

/* Begin PBXProject section */
		674A28B41B168BB3001A525C /* Project object */ = {
			isa = PBXProject;
			attributes = {
				LastUpgradeCheck = 0630;
				ORGANIZATIONNAME = maps.me;
				TargetAttributes = {
					674A28BB1B168BB3001A525C = {
						CreatedOnToolsVersion = 6.3.2;
					};
				};
			};
			buildConfigurationList = 674A28B71B168BB3001A525C /* Build configuration list for PBXProject "coastline" */;
			compatibilityVersion = "Xcode 3.2";
			developmentRegion = English;
			hasScannedForEncodings = 0;
			knownRegions = (
				en,
			);
			mainGroup = 674A28B31B168BB3001A525C;
			productRefGroup = 674A28BD1B168BB3001A525C /* Products */;
			projectDirPath = "";
			projectRoot = "";
			targets = (
				674A28BB1B168BB3001A525C /* coastline */,
			);
		};
/* End PBXProject section */

/* Begin PBXSourcesBuildPhase section */
		674A28B81B168BB3001A525C /* Sources */ = {
			isa = PBXSourcesBuildPhase;
			buildActionMask = 2147483647;
			files = (
				674A2A3B1B27A0B8001A525C /* main.cpp in Sources */,
			);
			runOnlyForDeploymentPostprocessing = 0;
		};
/* End PBXSourcesBuildPhase section */

/* Begin XCBuildConfiguration section */
		674A28C11B168BB3001A525C /* Debug */ = {
			isa = XCBuildConfiguration;
			baseConfigurationReference = 674A28C61B168BC0001A525C /* defaults.xcconfig */;
			buildSettings = {
				ALWAYS_SEARCH_USER_PATHS = NO;
				CLANG_CXX_LANGUAGE_STANDARD = "gnu++0x";
				CLANG_CXX_LIBRARY = "libc++";
				CLANG_ENABLE_MODULES = YES;
				CLANG_ENABLE_OBJC_ARC = YES;
				CLANG_WARN_BOOL_CONVERSION = YES;
				CLANG_WARN_CONSTANT_CONVERSION = YES;
				CLANG_WARN_DIRECT_OBJC_ISA_USAGE = YES_ERROR;
				CLANG_WARN_EMPTY_BODY = YES;
				CLANG_WARN_ENUM_CONVERSION = YES;
				CLANG_WARN_INT_CONVERSION = YES;
				CLANG_WARN_OBJC_ROOT_CLASS = YES_ERROR;
				CLANG_WARN_UNREACHABLE_CODE = YES;
				CLANG_WARN__DUPLICATE_METHOD_MATCH = YES;
				COPY_PHASE_STRIP = NO;
				DEBUG_INFORMATION_FORMAT = dwarf;
				ENABLE_STRICT_OBJC_MSGSEND = YES;
				GCC_C_LANGUAGE_STANDARD = gnu99;
				GCC_DYNAMIC_NO_PIC = NO;
				GCC_NO_COMMON_BLOCKS = YES;
				GCC_OPTIMIZATION_LEVEL = 0;
				GCC_PREPROCESSOR_DEFINITIONS = (
					"DEBUG=1",
					"$(inherited)",
				);
				GCC_SYMBOLS_PRIVATE_EXTERN = NO;
				GCC_WARN_64_TO_32_BIT_CONVERSION = YES;
				GCC_WARN_ABOUT_RETURN_TYPE = YES_ERROR;
				GCC_WARN_UNDECLARED_SELECTOR = YES;
				GCC_WARN_UNINITIALIZED_AUTOS = YES_AGGRESSIVE;
				GCC_WARN_UNUSED_FUNCTION = YES;
				GCC_WARN_UNUSED_VARIABLE = YES;
				MACOSX_DEPLOYMENT_TARGET = 10.10;
				MTL_ENABLE_DEBUG_INFO = YES;
				ONLY_ACTIVE_ARCH = YES;
				SDKROOT = macosx;
			};
			name = Debug;
		};
		674A28C21B168BB3001A525C /* Release */ = {
			isa = XCBuildConfiguration;
			baseConfigurationReference = 674A28C61B168BC0001A525C /* defaults.xcconfig */;
			buildSettings = {
				ALWAYS_SEARCH_USER_PATHS = NO;
				CLANG_CXX_LANGUAGE_STANDARD = "gnu++0x";
				CLANG_CXX_LIBRARY = "libc++";
				CLANG_ENABLE_MODULES = YES;
				CLANG_ENABLE_OBJC_ARC = YES;
				CLANG_WARN_BOOL_CONVERSION = YES;
				CLANG_WARN_CONSTANT_CONVERSION = YES;
				CLANG_WARN_DIRECT_OBJC_ISA_USAGE = YES_ERROR;
				CLANG_WARN_EMPTY_BODY = YES;
				CLANG_WARN_ENUM_CONVERSION = YES;
				CLANG_WARN_INT_CONVERSION = YES;
				CLANG_WARN_OBJC_ROOT_CLASS = YES_ERROR;
				CLANG_WARN_UNREACHABLE_CODE = YES;
				CLANG_WARN__DUPLICATE_METHOD_MATCH = YES;
				COPY_PHASE_STRIP = NO;
				DEBUG_INFORMATION_FORMAT = "dwarf-with-dsym";
				ENABLE_NS_ASSERTIONS = NO;
				ENABLE_STRICT_OBJC_MSGSEND = YES;
				GCC_C_LANGUAGE_STANDARD = gnu99;
				GCC_NO_COMMON_BLOCKS = YES;
				GCC_WARN_64_TO_32_BIT_CONVERSION = YES;
				GCC_WARN_ABOUT_RETURN_TYPE = YES_ERROR;
				GCC_WARN_UNDECLARED_SELECTOR = YES;
				GCC_WARN_UNINITIALIZED_AUTOS = YES_AGGRESSIVE;
				GCC_WARN_UNUSED_FUNCTION = YES;
				GCC_WARN_UNUSED_VARIABLE = YES;
				MACOSX_DEPLOYMENT_TARGET = 10.10;
				MTL_ENABLE_DEBUG_INFO = NO;
				SDKROOT = macosx;
			};
			name = Release;
		};
		674A28C41B168BB3001A525C /* Debug */ = {
			isa = XCBuildConfiguration;
			buildSettings = {
				PRODUCT_NAME = "$(TARGET_NAME)";
			};
			name = Debug;
		};
		674A28C51B168BB3001A525C /* Release */ = {
			isa = XCBuildConfiguration;
			buildSettings = {
				PRODUCT_NAME = "$(TARGET_NAME)";
			};
			name = Release;
		};
/* End XCBuildConfiguration section */

/* Begin XCConfigurationList section */
		674A28B71B168BB3001A525C /* Build configuration list for PBXProject "coastline" */ = {
			isa = XCConfigurationList;
			buildConfigurations = (
				674A28C11B168BB3001A525C /* Debug */,
				674A28C21B168BB3001A525C /* Release */,
			);
			defaultConfigurationIsVisible = 0;
			defaultConfigurationName = Release;
		};
		674A28C31B168BB3001A525C /* Build configuration list for PBXNativeTarget "coastline" */ = {
			isa = XCConfigurationList;
			buildConfigurations = (
				674A28C41B168BB3001A525C /* Debug */,
				674A28C51B168BB3001A525C /* Release */,
			);
			defaultConfigurationIsVisible = 0;
			defaultConfigurationName = Release;
		};
/* End XCConfigurationList section */
	};
	rootObject = 674A28B41B168BB3001A525C /* Project object */;
}
